
Microsoft Visual Studio Solution File, Format Version 12.00
# Visual Studio Version 17
VisualStudioVersion = 17.0.31919.166
MinimumVisualStudioVersion = 10.0.40219.1
Project("{9A19103F-16F7-4668-BE54-9A1E7A4F7556}") = "UIElementsUnturned.UIElementsLib", "UIElementsUnturned.UIElementsLib\UIElementsUnturned.UIElementsLib.csproj", "{4B0D3571-824B-4112-A89D-AB6ADEA2F24F}"
EndProject
Project("{2150E333-8FDC-42A3-9474-1A3956D46DE8}") = "Samples", "Samples", "{C6A060EF-B35E-4681-8A66-3D0AB1FA887E}"
EndProject
Project("{2150E333-8FDC-42A3-9474-1A3956D46DE8}") = "OpenMod", "OpenMod", "{63C6157A-8261-4D19-9571-2A8622218E35}"
EndProject
Project("{2150E333-8FDC-42A3-9474-1A3956D46DE8}") = "RocketMod", "RocketMod", "{4C637496-CC54-4902-A4C1-72616D8F9E68}"
EndProject
Project("{2150E333-8FDC-42A3-9474-1A3956D46DE8}") = "Easy", "Easy", "{7ED20695-8CA5-4EAB-9B10-C420CB9159D2}"
EndProject
Project("{2150E333-8FDC-42A3-9474-1A3956D46DE8}") = "Hard", "Hard", "{8C640734-1FB9-4D0A-8DF3-8811A5BF58D8}"
EndProject
Project("{2150E333-8FDC-42A3-9474-1A3956D46DE8}") = "Easy", "Easy", "{CFCC285C-C09E-4292-BAC3-9B7F8981C15C}"
EndProject
Project("{2150E333-8FDC-42A3-9474-1A3956D46DE8}") = "RocketModEasySample", "RocketModEasySample", "{6B240203-0B0D-424B-9C15-8FCAD2D2FBE4}"
EndProject
Project("{2150E333-8FDC-42A3-9474-1A3956D46DE8}") = "RocketModHardSample", "RocketModHardSample", "{1FB01704-A3C8-4A5C-AF0E-1F03CFD3CED8}"
EndProject
Project("{9A19103F-16F7-4668-BE54-9A1E7A4F7556}") = "RocketModHardSample", "Samples\RocketMod\Hard\RocketModHardTemplate\RocketModHardSample.csproj", "{EDF7034A-9392-4475-B651-4B15F5C447E2}"
EndProject
Project("{9A19103F-16F7-4668-BE54-9A1E7A4F7556}") = "RocketModEasySample", "Samples\RocketMod\Easy\RocketModEasyTemplate\RocketModEasySample.csproj", "{5A2B87D4-EB1B-4565-954F-95BA0EBBB3A2}"
EndProject
Project("{9A19103F-16F7-4668-BE54-9A1E7A4F7556}") = "UIElementsUnturned.UIElementsLib.OpenMod", "UIElementsUnturned.UIElementsLib.OpenMod\UIElementsUnturned.UIElementsLib.OpenMod.csproj", "{AA3F5033-9883-4198-819B-BB983C7A5AD9}"
EndProject
Project("{2150E333-8FDC-42A3-9474-1A3956D46DE8}") = "OpenModEasySample", "OpenModEasySample", "{A126A0D9-CC6D-4DE9-B738-C0EE7540E6C6}"
EndProject
Project("{9A19103F-16F7-4668-BE54-9A1E7A4F7556}") = "OpenModEasySample", "Samples\OpenMod\Easy\OpenModEasySample\OpenModEasySample.csproj", "{9303A0D4-D896-4D2B-AD50-361E437FCAB0}"
EndProject
Project("{2150E333-8FDC-42A3-9474-1A3956D46DE8}") = "Hard", "Hard", "{2E77DCBC-DCA7-41D0-AF98-4818073AD92F}"
EndProject
Project("{2150E333-8FDC-42A3-9474-1A3956D46DE8}") = "OpenModHardSample", "OpenModHardSample", "{11211E8E-B830-4174-9C9C-7AE868F75390}"
EndProject
Project("{9A19103F-16F7-4668-BE54-9A1E7A4F7556}") = "OpenModHardSample", "Samples\OpenMod\Hard\OpenModHardSample\OpenModHardSample\OpenModHardSample.csproj", "{C64DBD17-9ED2-4F40-8555-E4ED452351A9}"
EndProject
Project("{9A19103F-16F7-4668-BE54-9A1E7A4F7556}") = "UIElementsUnturned.UIElementsLib.RocketMod", "UIElementsUnturned.UIElementsLib.RocketMod\UIElementsUnturned.UIElementsLib.RocketMod.csproj", "{AA7282BE-2063-413A-AFFB-C285DD1D89E0}"
EndProject
Global
	GlobalSection(SolutionConfigurationPlatforms) = preSolution
		Debug|Any CPU = Debug|Any CPU
		Release|Any CPU = Release|Any CPU
	EndGlobalSection
	GlobalSection(ProjectConfigurationPlatforms) = postSolution
		{4B0D3571-824B-4112-A89D-AB6ADEA2F24F}.Debug|Any CPU.ActiveCfg = Debug|Any CPU
		{4B0D3571-824B-4112-A89D-AB6ADEA2F24F}.Debug|Any CPU.Build.0 = Debug|Any CPU
		{4B0D3571-824B-4112-A89D-AB6ADEA2F24F}.Release|Any CPU.ActiveCfg = Release|Any CPU
		{4B0D3571-824B-4112-A89D-AB6ADEA2F24F}.Release|Any CPU.Build.0 = Release|Any CPU
		{EDF7034A-9392-4475-B651-4B15F5C447E2}.Debug|Any CPU.ActiveCfg = Debug|Any CPU
		{EDF7034A-9392-4475-B651-4B15F5C447E2}.Debug|Any CPU.Build.0 = Debug|Any CPU
		{EDF7034A-9392-4475-B651-4B15F5C447E2}.Release|Any CPU.ActiveCfg = Release|Any CPU
		{EDF7034A-9392-4475-B651-4B15F5C447E2}.Release|Any CPU.Build.0 = Release|Any CPU
		{5A2B87D4-EB1B-4565-954F-95BA0EBBB3A2}.Debug|Any CPU.ActiveCfg = Debug|Any CPU
		{5A2B87D4-EB1B-4565-954F-95BA0EBBB3A2}.Debug|Any CPU.Build.0 = Debug|Any CPU
		{5A2B87D4-EB1B-4565-954F-95BA0EBBB3A2}.Release|Any CPU.ActiveCfg = Release|Any CPU
		{5A2B87D4-EB1B-4565-954F-95BA0EBBB3A2}.Release|Any CPU.Build.0 = Release|Any CPU
		{AA3F5033-9883-4198-819B-BB983C7A5AD9}.Debug|Any CPU.ActiveCfg = Debug|Any CPU
		{AA3F5033-9883-4198-819B-BB983C7A5AD9}.Debug|Any CPU.Build.0 = Debug|Any CPU
		{AA3F5033-9883-4198-819B-BB983C7A5AD9}.Release|Any CPU.ActiveCfg = Release|Any CPU
		{AA3F5033-9883-4198-819B-BB983C7A5AD9}.Release|Any CPU.Build.0 = Release|Any CPU
		{9303A0D4-D896-4D2B-AD50-361E437FCAB0}.Debug|Any CPU.ActiveCfg = Debug|Any CPU
		{9303A0D4-D896-4D2B-AD50-361E437FCAB0}.Debug|Any CPU.Build.0 = Debug|Any CPU
		{9303A0D4-D896-4D2B-AD50-361E437FCAB0}.Release|Any CPU.ActiveCfg = Release|Any CPU
		{9303A0D4-D896-4D2B-AD50-361E437FCAB0}.Release|Any CPU.Build.0 = Release|Any CPU
		{C64DBD17-9ED2-4F40-8555-E4ED452351A9}.Debug|Any CPU.ActiveCfg = Debug|Any CPU
		{C64DBD17-9ED2-4F40-8555-E4ED452351A9}.Debug|Any CPU.Build.0 = Debug|Any CPU
		{C64DBD17-9ED2-4F40-8555-E4ED452351A9}.Release|Any CPU.ActiveCfg = Release|Any CPU
		{C64DBD17-9ED2-4F40-8555-E4ED452351A9}.Release|Any CPU.Build.0 = Release|Any CPU
		{AA7282BE-2063-413A-AFFB-C285DD1D89E0}.Debug|Any CPU.ActiveCfg = Debug|Any CPU
		{AA7282BE-2063-413A-AFFB-C285DD1D89E0}.Debug|Any CPU.Build.0 = Debug|Any CPU
		{AA7282BE-2063-413A-AFFB-C285DD1D89E0}.Release|Any CPU.ActiveCfg = Release|Any CPU
		{AA7282BE-2063-413A-AFFB-C285DD1D89E0}.Release|Any CPU.Build.0 = Release|Any CPU
	EndGlobalSection
	GlobalSection(SolutionProperties) = preSolution
		HideSolutionNode = FALSE
	EndGlobalSection
	GlobalSection(NestedProjects) = preSolution
		{63C6157A-8261-4D19-9571-2A8622218E35} = {C6A060EF-B35E-4681-8A66-3D0AB1FA887E}
		{4C637496-CC54-4902-A4C1-72616D8F9E68} = {C6A060EF-B35E-4681-8A66-3D0AB1FA887E}
		{7ED20695-8CA5-4EAB-9B10-C420CB9159D2} = {4C637496-CC54-4902-A4C1-72616D8F9E68}
		{8C640734-1FB9-4D0A-8DF3-8811A5BF58D8} = {4C637496-CC54-4902-A4C1-72616D8F9E68}
		{CFCC285C-C09E-4292-BAC3-9B7F8981C15C} = {63C6157A-8261-4D19-9571-2A8622218E35}
		{6B240203-0B0D-424B-9C15-8FCAD2D2FBE4} = {7ED20695-8CA5-4EAB-9B10-C420CB9159D2}
		{1FB01704-A3C8-4A5C-AF0E-1F03CFD3CED8} = {8C640734-1FB9-4D0A-8DF3-8811A5BF58D8}
		{EDF7034A-9392-4475-B651-4B15F5C447E2} = {1FB01704-A3C8-4A5C-AF0E-1F03CFD3CED8}
		{5A2B87D4-EB1B-4565-954F-95BA0EBBB3A2} = {6B240203-0B0D-424B-9C15-8FCAD2D2FBE4}
		{A126A0D9-CC6D-4DE9-B738-C0EE7540E6C6} = {CFCC285C-C09E-4292-BAC3-9B7F8981C15C}
		{9303A0D4-D896-4D2B-AD50-361E437FCAB0} = {A126A0D9-CC6D-4DE9-B738-C0EE7540E6C6}
		{2E77DCBC-DCA7-41D0-AF98-4818073AD92F} = {63C6157A-8261-4D19-9571-2A8622218E35}
		{11211E8E-B830-4174-9C9C-7AE868F75390} = {2E77DCBC-DCA7-41D0-AF98-4818073AD92F}
		{C64DBD17-9ED2-4F40-8555-E4ED452351A9} = {11211E8E-B830-4174-9C9C-7AE868F75390}
	EndGlobalSection
	GlobalSection(ExtensibilityGlobals) = postSolution
		SolutionGuid = {D977BBF7-2076-42DB-BECB-D525E4072D8C}
	EndGlobalSection
EndGlobal
