
Microsoft Visual Studio Solution File, Format Version 12.00
# Visual Studio Version 17
VisualStudioVersion = 17.0.31919.166
MinimumVisualStudioVersion = 10.0.40219.1
Project("{FAE04EC0-301F-11D3-BF4B-00C04F79EFBC}") = "UIElementsUnturned.UIElementsLib", "UIElementsUnturned.UIElementsLib\UIElementsUnturned.UIElementsLib.csproj", "{4B0D3571-824B-4112-A89D-AB6ADEA2F24F}"
EndProject
Project("{2150E333-8FDC-42A3-9474-1A3956D46DE8}") = "Samples", "Samples", "{C6A060EF-B35E-4681-8A66-3D0AB1FA887E}"
EndProject
Project("{2150E333-8FDC-42A3-9474-1A3956D46DE8}") = "Easy", "Easy", "{08AA6A3D-2AD6-4D9F-B890-FAB0771487A1}"
EndProject
Project("{2150E333-8FDC-42A3-9474-1A3956D46DE8}") = "Hard", "Hard", "{3875D5DF-1434-401C-AC19-B376A7334F3E}"
EndProject
Project("{9A19103F-16F7-4668-BE54-9A1E7A4F7556}") = "UIElementsUnturned.Samples.Easy.PluginEasySample", "Samples\Easy\UIElementsUnturned.Samples.Easy.PluginEasySample\UIElementsUnturned.Samples.Easy.PluginEasySample.csproj", "{2115E410-3873-450C-8B87-725790012160}"
EndProject
Project("{9A19103F-16F7-4668-BE54-9A1E7A4F7556}") = "UIElementsUnturned.PluginHardSample", "Samples\Hard\UIElementsUnturned.PluginHardSample\UIElementsUnturned.PluginHardSample.csproj", "{ABBC4A9C-0BDE-4E61-BE57-994396841036}"
EndProject
Global
	GlobalSection(SolutionConfigurationPlatforms) = preSolution
		Debug|Any CPU = Debug|Any CPU
		Release|Any CPU = Release|Any CPU
	EndGlobalSection
	GlobalSection(ProjectConfigurationPlatforms) = postSolution
		{4B0D3571-824B-4112-A89D-AB6ADEA2F24F}.Debug|Any CPU.ActiveCfg = Debug|Any CPU
		{4B0D3571-824B-4112-A89D-AB6ADEA2F24F}.Debug|Any CPU.Build.0 = Debug|Any CPU
		{4B0D3571-824B-4112-A89D-AB6ADEA2F24F}.Release|Any CPU.ActiveCfg = Release|Any CPU
		{4B0D3571-824B-4112-A89D-AB6ADEA2F24F}.Release|Any CPU.Build.0 = Release|Any CPU
		{2115E410-3873-450C-8B87-725790012160}.Debug|Any CPU.ActiveCfg = Debug|Any CPU
		{2115E410-3873-450C-8B87-725790012160}.Debug|Any CPU.Build.0 = Debug|Any CPU
		{2115E410-3873-450C-8B87-725790012160}.Release|Any CPU.ActiveCfg = Release|Any CPU
		{2115E410-3873-450C-8B87-725790012160}.Release|Any CPU.Build.0 = Release|Any CPU
		{ABBC4A9C-0BDE-4E61-BE57-994396841036}.Debug|Any CPU.ActiveCfg = Debug|Any CPU
		{ABBC4A9C-0BDE-4E61-BE57-994396841036}.Debug|Any CPU.Build.0 = Debug|Any CPU
		{ABBC4A9C-0BDE-4E61-BE57-994396841036}.Release|Any CPU.ActiveCfg = Release|Any CPU
		{ABBC4A9C-0BDE-4E61-BE57-994396841036}.Release|Any CPU.Build.0 = Release|Any CPU
	EndGlobalSection
	GlobalSection(SolutionProperties) = preSolution
		HideSolutionNode = FALSE
	EndGlobalSection
	GlobalSection(NestedProjects) = preSolution
		{08AA6A3D-2AD6-4D9F-B890-FAB0771487A1} = {C6A060EF-B35E-4681-8A66-3D0AB1FA887E}
		{3875D5DF-1434-401C-AC19-B376A7334F3E} = {C6A060EF-B35E-4681-8A66-3D0AB1FA887E}
		{2115E410-3873-450C-8B87-725790012160} = {08AA6A3D-2AD6-4D9F-B890-FAB0771487A1}
		{ABBC4A9C-0BDE-4E61-BE57-994396841036} = {3875D5DF-1434-401C-AC19-B376A7334F3E}
	EndGlobalSection
	GlobalSection(ExtensibilityGlobals) = postSolution
		SolutionGuid = {D977BBF7-2076-42DB-BECB-D525E4072D8C}
	EndGlobalSection
EndGlobal
